
Microsoft Visual Studio Solution File, Format Version 12.00
# Visual Studio Version 17
VisualStudioVersion = 17.6.33723.286
MinimumVisualStudioVersion = 10.0.40219.1
Project("{FAE04EC0-301F-11D3-BF4B-00C04F79EFBC}") = "GoF_Adapter_Pattern", "GoF_Adapter_Pattern.csproj", "{0D19820A-FCA2-4BA5-A756-CA1BFA86F7FE}"
EndProject
Global
	GlobalSection(SolutionConfigurationPlatforms) = preSolution
		Debug|Any CPU = Debug|Any CPU
		Release|Any CPU = Release|Any CPU
	EndGlobalSection
	GlobalSection(ProjectConfigurationPlatforms) = postSolution
		{0D19820A-FCA2-4BA5-A756-CA1BFA86F7FE}.Debug|Any CPU.ActiveCfg = Debug|Any CPU
		{0D19820A-FCA2-4BA5-A756-CA1BFA86F7FE}.Debug|Any CPU.Build.0 = Debug|Any CPU
		{0D19820A-FCA2-4BA5-A756-CA1BFA86F7FE}.Release|Any CPU.ActiveCfg = Release|Any CPU
		{0D19820A-FCA2-4BA5-A756-CA1BFA86F7FE}.Release|Any CPU.Build.0 = Release|Any CPU
	EndGlobalSection
	GlobalSection(SolutionProperties) = preSolution
		HideSolutionNode = FALSE
	EndGlobalSection
	GlobalSection(ExtensibilityGlobals) = postSolution
		SolutionGuid = {23C02AD4-01D1-45C1-AFE0-09495E9EAA33}
	EndGlobalSection
EndGlobal
